
Microsoft Visual Studio Solution File, Format Version 12.00
# Visual Studio Version 17
VisualStudioVersion = 17.8.34408.163
MinimumVisualStudioVersion = 10.0.40219.1
Project("{FAE04EC0-301F-11D3-BF4B-00C04F79EFBC}") = "Automapper.console", "Automapper.console\Automapper.console.csproj", "{9812F6CF-24DE-473B-9AA0-07EC4343CD1E}"
EndProject
Global
	GlobalSection(SolutionConfigurationPlatforms) = preSolution
		Debug|Any CPU = Debug|Any CPU
		Release|Any CPU = Release|Any CPU
	EndGlobalSection
	GlobalSection(ProjectConfigurationPlatforms) = postSolution
		{9812F6CF-24DE-473B-9AA0-07EC4343CD1E}.Debug|Any CPU.ActiveCfg = Debug|Any CPU
		{9812F6CF-24DE-473B-9AA0-07EC4343CD1E}.Debug|Any CPU.Build.0 = Debug|Any CPU
		{9812F6CF-24DE-473B-9AA0-07EC4343CD1E}.Release|Any CPU.ActiveCfg = Release|Any CPU
		{9812F6CF-24DE-473B-9AA0-07EC4343CD1E}.Release|Any CPU.Build.0 = Release|Any CPU
	EndGlobalSection
	GlobalSection(SolutionProperties) = preSolution
		HideSolutionNode = FALSE
	EndGlobalSection
	GlobalSection(ExtensibilityGlobals) = postSolution
		SolutionGuid = {B87150D7-BC70-4CF5-9D99-F0515C8E4254}
	EndGlobalSection
EndGlobal
